
Microsoft Visual Studio Solution File, Format Version 12.00
# Visual Studio 14
VisualStudioVersion = 14.0.25420.1
MinimumVisualStudioVersion = 10.0.40219.1
Project("{8BB2217D-0F2D-49D1-97BC-3654ED321F3B}") = "RamQuest.Tetris.Web", "RamQuest.Tetris.Web\RamQuest.Tetris.Web.xproj", "{F24B4061-2FF3-4EAD-B538-4AE068414D45}"
EndProject
Project("{8BB2217D-0F2D-49D1-97BC-3654ED321F3B}") = "RamQuest.Core", "RamQuest.Core\RamQuest.Core.xproj", "{0FF41C54-4047-49C2-B839-A96133A68B4D}"
EndProject
Project("{8BB2217D-0F2D-49D1-97BC-3654ED321F3B}") = "RamQuest.EntityFrameworkCore", "RamQuest.EntityFrameworkCore\RamQuest.EntityFrameworkCore.xproj", "{AE4D7189-0D11-41FC-8899-1A151D32A554}"
EndProject
Project("{8BB2217D-0F2D-49D1-97BC-3654ED321F3B}") = "RamQuest.Tetris.Model", "RamQuest.Tetris.Model\RamQuest.Tetris.Model.xproj", "{66E17363-AC29-4C75-999C-434B2136FDF8}"
EndProject
Project("{8BB2217D-0F2D-49D1-97BC-3654ED321F3B}") = "RamQuest.Tetris.Data", "RamQuest.Tetris.Data\RamQuest.Tetris.Data.xproj", "{405FDB16-B273-47F5-A5BC-C60D89A13DE2}"
EndProject
Project("{8BB2217D-0F2D-49D1-97BC-3654ED321F3B}") = "RamQuest.Tetris.Core", "RamQuest.Tetris.Core\RamQuest.Tetris.Core.xproj", "{4D1C4052-619F-49AA-A915-3AFB51DAA949}"
EndProject
Project("{8BB2217D-0F2D-49D1-97BC-3654ED321F3B}") = "RamQuest.Security", "RamQuest.Security\RamQuest.Security.xproj", "{08793ADE-82EF-4D68-BC0F-58F93C8149EC}"
EndProject
Project("{8BB2217D-0F2D-49D1-97BC-3654ED321F3B}") = "RamQuest.Security.Web", "RamQuest.Security.Web\RamQuest.Security.Web.xproj", "{49B39EFB-24E5-425D-A24F-A8F12D4893DA}"
EndProject
Project("{8BB2217D-0F2D-49D1-97BC-3654ED321F3B}") = "Tetris.Core", "Tetris.Core\Tetris.Core.xproj", "{514D0C1E-8F37-4390-90B7-10B0B2276BA4}"
EndProject
Global
	GlobalSection(SolutionConfigurationPlatforms) = preSolution
		Debug|Any CPU = Debug|Any CPU
		Release|Any CPU = Release|Any CPU
	EndGlobalSection
	GlobalSection(ProjectConfigurationPlatforms) = postSolution
		{F24B4061-2FF3-4EAD-B538-4AE068414D45}.Debug|Any CPU.ActiveCfg = Debug|Any CPU
		{F24B4061-2FF3-4EAD-B538-4AE068414D45}.Debug|Any CPU.Build.0 = Debug|Any CPU
		{F24B4061-2FF3-4EAD-B538-4AE068414D45}.Release|Any CPU.ActiveCfg = Release|Any CPU
		{F24B4061-2FF3-4EAD-B538-4AE068414D45}.Release|Any CPU.Build.0 = Release|Any CPU
		{0FF41C54-4047-49C2-B839-A96133A68B4D}.Debug|Any CPU.ActiveCfg = Debug|Any CPU
		{0FF41C54-4047-49C2-B839-A96133A68B4D}.Debug|Any CPU.Build.0 = Debug|Any CPU
		{0FF41C54-4047-49C2-B839-A96133A68B4D}.Release|Any CPU.ActiveCfg = Release|Any CPU
		{0FF41C54-4047-49C2-B839-A96133A68B4D}.Release|Any CPU.Build.0 = Release|Any CPU
		{AE4D7189-0D11-41FC-8899-1A151D32A554}.Debug|Any CPU.ActiveCfg = Debug|Any CPU
		{AE4D7189-0D11-41FC-8899-1A151D32A554}.Debug|Any CPU.Build.0 = Debug|Any CPU
		{AE4D7189-0D11-41FC-8899-1A151D32A554}.Release|Any CPU.ActiveCfg = Release|Any CPU
		{AE4D7189-0D11-41FC-8899-1A151D32A554}.Release|Any CPU.Build.0 = Release|Any CPU
		{66E17363-AC29-4C75-999C-434B2136FDF8}.Debug|Any CPU.ActiveCfg = Debug|Any CPU
		{66E17363-AC29-4C75-999C-434B2136FDF8}.Debug|Any CPU.Build.0 = Debug|Any CPU
		{66E17363-AC29-4C75-999C-434B2136FDF8}.Release|Any CPU.ActiveCfg = Release|Any CPU
		{66E17363-AC29-4C75-999C-434B2136FDF8}.Release|Any CPU.Build.0 = Release|Any CPU
		{405FDB16-B273-47F5-A5BC-C60D89A13DE2}.Debug|Any CPU.ActiveCfg = Debug|Any CPU
		{405FDB16-B273-47F5-A5BC-C60D89A13DE2}.Debug|Any CPU.Build.0 = Debug|Any CPU
		{405FDB16-B273-47F5-A5BC-C60D89A13DE2}.Release|Any CPU.ActiveCfg = Release|Any CPU
		{405FDB16-B273-47F5-A5BC-C60D89A13DE2}.Release|Any CPU.Build.0 = Release|Any CPU
		{4D1C4052-619F-49AA-A915-3AFB51DAA949}.Debug|Any CPU.ActiveCfg = Debug|Any CPU
		{4D1C4052-619F-49AA-A915-3AFB51DAA949}.Debug|Any CPU.Build.0 = Debug|Any CPU
		{4D1C4052-619F-49AA-A915-3AFB51DAA949}.Release|Any CPU.ActiveCfg = Release|Any CPU
		{4D1C4052-619F-49AA-A915-3AFB51DAA949}.Release|Any CPU.Build.0 = Release|Any CPU
		{08793ADE-82EF-4D68-BC0F-58F93C8149EC}.Debug|Any CPU.ActiveCfg = Debug|Any CPU
		{08793ADE-82EF-4D68-BC0F-58F93C8149EC}.Debug|Any CPU.Build.0 = Debug|Any CPU
		{08793ADE-82EF-4D68-BC0F-58F93C8149EC}.Release|Any CPU.ActiveCfg = Release|Any CPU
		{08793ADE-82EF-4D68-BC0F-58F93C8149EC}.Release|Any CPU.Build.0 = Release|Any CPU
		{49B39EFB-24E5-425D-A24F-A8F12D4893DA}.Debug|Any CPU.ActiveCfg = Debug|Any CPU
		{49B39EFB-24E5-425D-A24F-A8F12D4893DA}.Debug|Any CPU.Build.0 = Debug|Any CPU
		{49B39EFB-24E5-425D-A24F-A8F12D4893DA}.Release|Any CPU.ActiveCfg = Release|Any CPU
		{49B39EFB-24E5-425D-A24F-A8F12D4893DA}.Release|Any CPU.Build.0 = Release|Any CPU
		{514D0C1E-8F37-4390-90B7-10B0B2276BA4}.Debug|Any CPU.ActiveCfg = Debug|Any CPU
		{514D0C1E-8F37-4390-90B7-10B0B2276BA4}.Debug|Any CPU.Build.0 = Debug|Any CPU
		{514D0C1E-8F37-4390-90B7-10B0B2276BA4}.Release|Any CPU.ActiveCfg = Release|Any CPU
		{514D0C1E-8F37-4390-90B7-10B0B2276BA4}.Release|Any CPU.Build.0 = Release|Any CPU
	EndGlobalSection
	GlobalSection(SolutionProperties) = preSolution
		HideSolutionNode = FALSE
	EndGlobalSection
EndGlobal
